// !$*UTF8*$!
{
	archiveVersion = 1;
	classes = {
	};
	objectVersion = 56;
	objects = {

/* Begin PBXBuildFile section */
		4374096028DB007D003942A5 /* Serving.swift in Sources */ = {isa = PBXBuildFile; fileRef = 4374095F28DB007D003942A5 /* Serving.swift */; };
		4374096228DB0188003942A5 /* FileManager-DocumentDirectory.swift in Sources */ = {isa = PBXBuildFile; fileRef = 4374096128DB0188003942A5 /* FileManager-DocumentDirectory.swift */; };
		4374096428DB0227003942A5 /* History.swift in Sources */ = {isa = PBXBuildFile; fileRef = 4374096328DB0227003942A5 /* History.swift */; };
		43E595B828DADEED00AF5E1B /* CoolBeansApp.swift in Sources */ = {isa = PBXBuildFile; fileRef = 43E595B728DADEED00AF5E1B /* CoolBeansApp.swift */; };
		43E595BA28DADEED00AF5E1B /* ContentView.swift in Sources */ = {isa = PBXBuildFile; fileRef = 43E595B928DADEED00AF5E1B /* ContentView.swift */; };
		43E595BC28DADEEE00AF5E1B /* Assets.xcassets in Resources */ = {isa = PBXBuildFile; fileRef = 43E595BB28DADEEE00AF5E1B /* Assets.xcassets */; };
		43E595BF28DADEEE00AF5E1B /* Preview Assets.xcassets in Resources */ = {isa = PBXBuildFile; fileRef = 43E595BE28DADEEE00AF5E1B /* Preview Assets.xcassets */; };
		43E595C928DADEEF00AF5E1B /* CoolBeansTests.swift in Sources */ = {isa = PBXBuildFile; fileRef = 43E595C828DADEEF00AF5E1B /* CoolBeansTests.swift */; };
		43E595D328DADEEF00AF5E1B /* CoolBeansUITests.swift in Sources */ = {isa = PBXBuildFile; fileRef = 43E595D228DADEEF00AF5E1B /* CoolBeansUITests.swift */; };
		43E595D528DADEEF00AF5E1B /* CoolBeansUITestsLaunchTests.swift in Sources */ = {isa = PBXBuildFile; fileRef = 43E595D428DADEEF00AF5E1B /* CoolBeansUITestsLaunchTests.swift */; };
		43E595E228DADF3F00AF5E1B /* menu.json in Resources */ = {isa = PBXBuildFile; fileRef = 43E595E128DADF3F00AF5E1B /* menu.json */; };
		43E595E428DADF6E00AF5E1B /* Drink.swift in Sources */ = {isa = PBXBuildFile; fileRef = 43E595E328DADF6E00AF5E1B /* Drink.swift */; };
		43E595E628DAE07C00AF5E1B /* MenuSection.swift in Sources */ = {isa = PBXBuildFile; fileRef = 43E595E528DAE07C00AF5E1B /* MenuSection.swift */; };
		43E595E828DAE0D800AF5E1B /* Menu.swift in Sources */ = {isa = PBXBuildFile; fileRef = 43E595E728DAE0D800AF5E1B /* Menu.swift */; };
		43E595EA28DAE6A900AF5E1B /* MenuView.swift in Sources */ = {isa = PBXBuildFile; fileRef = 43E595E928DAE6A900AF5E1B /* MenuView.swift */; };
		43E595EC28DAF01100AF5E1B /* CustomizeView.swift in Sources */ = {isa = PBXBuildFile; fileRef = 43E595EB28DAF01100AF5E1B /* CustomizeView.swift */; };
		43E595EE28DAF54D00AF5E1B /* ConfiguratioOption.swift in Sources */ = {isa = PBXBuildFile; fileRef = 43E595ED28DAF54D00AF5E1B /* ConfiguratioOption.swift */; };
/* End PBXBuildFile section */

/* Begin PBXContainerItemProxy section */
		43E595C528DADEEF00AF5E1B /* PBXContainerItemProxy */ = {
			isa = PBXContainerItemProxy;
			containerPortal = 43E595AC28DADEED00AF5E1B /* Project object */;
			proxyType = 1;
			remoteGlobalIDString = 43E595B328DADEED00AF5E1B;
			remoteInfo = CoolBeans;
		};
		43E595CF28DADEEF00AF5E1B /* PBXContainerItemProxy */ = {
			isa = PBXContainerItemProxy;
			containerPortal = 43E595AC28DADEED00AF5E1B /* Project object */;
			proxyType = 1;
			remoteGlobalIDString = 43E595B328DADEED00AF5E1B;
			remoteInfo = CoolBeans;
		};
/* End PBXContainerItemProxy section */

/* Begin PBXFileReference section */
		4374095F28DB007D003942A5 /* Serving.swift */ = {isa = PBXFileReference; lastKnownFileType = sourcecode.swift; path = Serving.swift; sourceTree = "<group>"; };
		4374096128DB0188003942A5 /* FileManager-DocumentDirectory.swift */ = {isa = PBXFileReference; lastKnownFileType = sourcecode.swift; path = "FileManager-DocumentDirectory.swift"; sourceTree = "<group>"; };
		4374096328DB0227003942A5 /* History.swift */ = {isa = PBXFileReference; lastKnownFileType = sourcecode.swift; path = History.swift; sourceTree = "<group>"; };
		43E595B428DADEED00AF5E1B /* CoolBeans.app */ = {isa = PBXFileReference; explicitFileType = wrapper.application; includeInIndex = 0; path = CoolBeans.app; sourceTree = BUILT_PRODUCTS_DIR; };
		43E595B728DADEED00AF5E1B /* CoolBeansApp.swift */ = {isa = PBXFileReference; lastKnownFileType = sourcecode.swift; path = CoolBeansApp.swift; sourceTree = "<group>"; };
		43E595B928DADEED00AF5E1B /* ContentView.swift */ = {isa = PBXFileReference; lastKnownFileType = sourcecode.swift; path = ContentView.swift; sourceTree = "<group>"; };
		43E595BB28DADEEE00AF5E1B /* Assets.xcassets */ = {isa = PBXFileReference; lastKnownFileType = folder.assetcatalog; path = Assets.xcassets; sourceTree = "<group>"; };
		43E595BE28DADEEE00AF5E1B /* Preview Assets.xcassets */ = {isa = PBXFileReference; lastKnownFileType = folder.assetcatalog; path = "Preview Assets.xcassets"; sourceTree = "<group>"; };
		43E595C428DADEEF00AF5E1B /* CoolBeansTests.xctest */ = {isa = PBXFileReference; explicitFileType = wrapper.cfbundle; includeInIndex = 0; path = CoolBeansTests.xctest; sourceTree = BUILT_PRODUCTS_DIR; };
		43E595C828DADEEF00AF5E1B /* CoolBeansTests.swift */ = {isa = PBXFileReference; lastKnownFileType = sourcecode.swift; path = CoolBeansTests.swift; sourceTree = "<group>"; };
		43E595CE28DADEEF00AF5E1B /* CoolBeansUITests.xctest */ = {isa = PBXFileReference; explicitFileType = wrapper.cfbundle; includeInIndex = 0; path = CoolBeansUITests.xctest; sourceTree = BUILT_PRODUCTS_DIR; };
		43E595D228DADEEF00AF5E1B /* CoolBeansUITests.swift */ = {isa = PBXFileReference; lastKnownFileType = sourcecode.swift; path = CoolBeansUITests.swift; sourceTree = "<group>"; };
		43E595D428DADEEF00AF5E1B /* CoolBeansUITestsLaunchTests.swift */ = {isa = PBXFileReference; lastKnownFileType = sourcecode.swift; path = CoolBeansUITestsLaunchTests.swift; sourceTree = "<group>"; };
		43E595E128DADF3F00AF5E1B /* menu.json */ = {isa = PBXFileReference; fileEncoding = 4; lastKnownFileType = text.json; name = menu.json; path = ../../../../../Downloads/CoolBeans/menu.json; sourceTree = "<group>"; };
		43E595E328DADF6E00AF5E1B /* Drink.swift */ = {isa = PBXFileReference; lastKnownFileType = sourcecode.swift; path = Drink.swift; sourceTree = "<group>"; };
		43E595E528DAE07C00AF5E1B /* MenuSection.swift */ = {isa = PBXFileReference; lastKnownFileType = sourcecode.swift; path = MenuSection.swift; sourceTree = "<group>"; };
		43E595E728DAE0D800AF5E1B /* Menu.swift */ = {isa = PBXFileReference; lastKnownFileType = sourcecode.swift; path = Menu.swift; sourceTree = "<group>"; };
		43E595E928DAE6A900AF5E1B /* MenuView.swift */ = {isa = PBXFileReference; lastKnownFileType = sourcecode.swift; path = MenuView.swift; sourceTree = "<group>"; };
		43E595EB28DAF01100AF5E1B /* CustomizeView.swift */ = {isa = PBXFileReference; lastKnownFileType = sourcecode.swift; path = CustomizeView.swift; sourceTree = "<group>"; };
		43E595ED28DAF54D00AF5E1B /* ConfiguratioOption.swift */ = {isa = PBXFileReference; lastKnownFileType = sourcecode.swift; path = ConfiguratioOption.swift; sourceTree = "<group>"; };
/* End PBXFileReference section */

/* Begin PBXFrameworksBuildPhase section */
		43E595B128DADEED00AF5E1B /* Frameworks */ = {
			isa = PBXFrameworksBuildPhase;
			buildActionMask = 2147483647;
			files = (
			);
			runOnlyForDeploymentPostprocessing = 0;
		};
		43E595C128DADEEF00AF5E1B /* Frameworks */ = {
			isa = PBXFrameworksBuildPhase;
			buildActionMask = 2147483647;
			files = (
			);
			runOnlyForDeploymentPostprocessing = 0;
		};
		43E595CB28DADEEF00AF5E1B /* Frameworks */ = {
			isa = PBXFrameworksBuildPhase;
			buildActionMask = 2147483647;
			files = (
			);
			runOnlyForDeploymentPostprocessing = 0;
		};
/* End PBXFrameworksBuildPhase section */

/* Begin PBXGroup section */
		43E595AB28DADEED00AF5E1B = {
			isa = PBXGroup;
			children = (
				43E595B628DADEED00AF5E1B /* CoolBeans */,
				43E595C728DADEEF00AF5E1B /* CoolBeansTests */,
				43E595D128DADEEF00AF5E1B /* CoolBeansUITests */,
				43E595B528DADEED00AF5E1B /* Products */,
			);
			sourceTree = "<group>";
		};
		43E595B528DADEED00AF5E1B /* Products */ = {
			isa = PBXGroup;
			children = (
				43E595B428DADEED00AF5E1B /* CoolBeans.app */,
				43E595C428DADEEF00AF5E1B /* CoolBeansTests.xctest */,
				43E595CE28DADEEF00AF5E1B /* CoolBeansUITests.xctest */,
			);
			name = Products;
			sourceTree = "<group>";
		};
		43E595B628DADEED00AF5E1B /* CoolBeans */ = {
			isa = PBXGroup;
			children = (
				43E595E128DADF3F00AF5E1B /* menu.json */,
				43E595B728DADEED00AF5E1B /* CoolBeansApp.swift */,
				43E595B928DADEED00AF5E1B /* ContentView.swift */,
				43E595BB28DADEEE00AF5E1B /* Assets.xcassets */,
				43E595BD28DADEEE00AF5E1B /* Preview Content */,
				43E595E328DADF6E00AF5E1B /* Drink.swift */,
				43E595E528DAE07C00AF5E1B /* MenuSection.swift */,
				43E595E728DAE0D800AF5E1B /* Menu.swift */,
				43E595E928DAE6A900AF5E1B /* MenuView.swift */,
				43E595EB28DAF01100AF5E1B /* CustomizeView.swift */,
				4374095F28DB007D003942A5 /* Serving.swift */,
				4374096128DB0188003942A5 /* FileManager-DocumentDirectory.swift */,
				4374096328DB0227003942A5 /* History.swift */,
				43E595ED28DAF54D00AF5E1B /* ConfiguratioOption.swift */,
			);
			path = CoolBeans;
			sourceTree = "<group>";
		};
		43E595BD28DADEEE00AF5E1B /* Preview Content */ = {
			isa = PBXGroup;
			children = (
				43E595BE28DADEEE00AF5E1B /* Preview Assets.xcassets */,
			);
			path = "Preview Content";
			sourceTree = "<group>";
		};
		43E595C728DADEEF00AF5E1B /* CoolBeansTests */ = {
			isa = PBXGroup;
			children = (
				43E595C828DADEEF00AF5E1B /* CoolBeansTests.swift */,
			);
			path = CoolBeansTests;
			sourceTree = "<group>";
		};
		43E595D128DADEEF00AF5E1B /* CoolBeansUITests */ = {
			isa = PBXGroup;
			children = (
				43E595D228DADEEF00AF5E1B /* CoolBeansUITests.swift */,
				43E595D428DADEEF00AF5E1B /* CoolBeansUITestsLaunchTests.swift */,
			);
			path = CoolBeansUITests;
			sourceTree = "<group>";
		};
/* End PBXGroup section */

/* Begin PBXNativeTarget section */
		43E595B328DADEED00AF5E1B /* CoolBeans */ = {
			isa = PBXNativeTarget;
			buildConfigurationList = 43E595D828DADEEF00AF5E1B /* Build configuration list for PBXNativeTarget "CoolBeans" */;
			buildPhases = (
				43E595B028DADEED00AF5E1B /* Sources */,
				43E595B128DADEED00AF5E1B /* Frameworks */,
				43E595B228DADEED00AF5E1B /* Resources */,
			);
			buildRules = (
			);
			dependencies = (
			);
			name = CoolBeans;
			productName = CoolBeans;
			productReference = 43E595B428DADEED00AF5E1B /* CoolBeans.app */;
			productType = "com.apple.product-type.application";
		};
		43E595C328DADEEF00AF5E1B /* CoolBeansTests */ = {
			isa = PBXNativeTarget;
			buildConfigurationList = 43E595DB28DADEEF00AF5E1B /* Build configuration list for PBXNativeTarget "CoolBeansTests" */;
			buildPhases = (
				43E595C028DADEEF00AF5E1B /* Sources */,
				43E595C128DADEEF00AF5E1B /* Frameworks */,
				43E595C228DADEEF00AF5E1B /* Resources */,
			);
			buildRules = (
			);
			dependencies = (
				43E595C628DADEEF00AF5E1B /* PBXTargetDependency */,
			);
			name = CoolBeansTests;
			productName = CoolBeansTests;
			productReference = 43E595C428DADEEF00AF5E1B /* CoolBeansTests.xctest */;
			productType = "com.apple.product-type.bundle.unit-test";
		};
		43E595CD28DADEEF00AF5E1B /* CoolBeansUITests */ = {
			isa = PBXNativeTarget;
			buildConfigurationList = 43E595DE28DADEEF00AF5E1B /* Build configuration list for PBXNativeTarget "CoolBeansUITests" */;
			buildPhases = (
				43E595CA28DADEEF00AF5E1B /* Sources */,
				43E595CB28DADEEF00AF5E1B /* Frameworks */,
				43E595CC28DADEEF00AF5E1B /* Resources */,
			);
			buildRules = (
			);
			dependencies = (
				43E595D028DADEEF00AF5E1B /* PBXTargetDependency */,
			);
			name = CoolBeansUITests;
			productName = CoolBeansUITests;
			productReference = 43E595CE28DADEEF00AF5E1B /* CoolBeansUITests.xctest */;
			productType = "com.apple.product-type.bundle.ui-testing";
		};
/* End PBXNativeTarget section */

/* Begin PBXProject section */
		43E595AC28DADEED00AF5E1B /* Project object */ = {
			isa = PBXProject;
			attributes = {
				BuildIndependentTargetsInParallel = 1;
				LastSwiftUpdateCheck = 1400;
				LastUpgradeCheck = 1400;
				TargetAttributes = {
					43E595B328DADEED00AF5E1B = {
						CreatedOnToolsVersion = 14.0;
					};
					43E595C328DADEEF00AF5E1B = {
						CreatedOnToolsVersion = 14.0;
						TestTargetID = 43E595B328DADEED00AF5E1B;
					};
					43E595CD28DADEEF00AF5E1B = {
						CreatedOnToolsVersion = 14.0;
						TestTargetID = 43E595B328DADEED00AF5E1B;
					};
				};
			};
			buildConfigurationList = 43E595AF28DADEED00AF5E1B /* Build configuration list for PBXProject "CoolBeans" */;
			compatibilityVersion = "Xcode 14.0";
			developmentRegion = en;
			hasScannedForEncodings = 0;
			knownRegions = (
				en,
				Base,
			);
			mainGroup = 43E595AB28DADEED00AF5E1B;
			productRefGroup = 43E595B528DADEED00AF5E1B /* Products */;
			projectDirPath = "";
			projectRoot = "";
			targets = (
				43E595B328DADEED00AF5E1B /* CoolBeans */,
				43E595C328DADEEF00AF5E1B /* CoolBeansTests */,
				43E595CD28DADEEF00AF5E1B /* CoolBeansUITests */,
			);
		};
/* End PBXProject section */

/* Begin PBXResourcesBuildPhase section */
		43E595B228DADEED00AF5E1B /* Resources */ = {
			isa = PBXResourcesBuildPhase;
			buildActionMask = 2147483647;
			files = (
				43E595E228DADF3F00AF5E1B /* menu.json in Resources */,
				43E595BF28DADEEE00AF5E1B /* Preview Assets.xcassets in Resources */,
				43E595BC28DADEEE00AF5E1B /* Assets.xcassets in Resources */,
			);
			runOnlyForDeploymentPostprocessing = 0;
		};
		43E595C228DADEEF00AF5E1B /* Resources */ = {
			isa = PBXResourcesBuildPhase;
			buildActionMask = 2147483647;
			files = (
			);
			runOnlyForDeploymentPostprocessing = 0;
		};
		43E595CC28DADEEF00AF5E1B /* Resources */ = {
			isa = PBXResourcesBuildPhase;
			buildActionMask = 2147483647;
			files = (
			);
			runOnlyForDeploymentPostprocessing = 0;
		};
/* End PBXResourcesBuildPhase section */

/* Begin PBXSourcesBuildPhase section */
		43E595B028DADEED00AF5E1B /* Sources */ = {
			isa = PBXSourcesBuildPhase;
			buildActionMask = 2147483647;
			files = (
				43E595BA28DADEED00AF5E1B /* ContentView.swift in Sources */,
				43E595EA28DAE6A900AF5E1B /* MenuView.swift in Sources */,
				4374096228DB0188003942A5 /* FileManager-DocumentDirectory.swift in Sources */,
				4374096428DB0227003942A5 /* History.swift in Sources */,
				43E595E428DADF6E00AF5E1B /* Drink.swift in Sources */,
				43E595E628DAE07C00AF5E1B /* MenuSection.swift in Sources */,
				43E595B828DADEED00AF5E1B /* CoolBeansApp.swift in Sources */,
				43E595EC28DAF01100AF5E1B /* CustomizeView.swift in Sources */,
				43E595EE28DAF54D00AF5E1B /* ConfiguratioOption.swift in Sources */,
				43E595E828DAE0D800AF5E1B /* Menu.swift in Sources */,
				4374096028DB007D003942A5 /* Serving.swift in Sources */,
			);
			runOnlyForDeploymentPostprocessing = 0;
		};
		43E595C028DADEEF00AF5E1B /* Sources */ = {
			isa = PBXSourcesBuildPhase;
			buildActionMask = 2147483647;
			files = (
				43E595C928DADEEF00AF5E1B /* CoolBeansTests.swift in Sources */,
			);
			runOnlyForDeploymentPostprocessing = 0;
		};
		43E595CA28DADEEF00AF5E1B /* Sources */ = {
			isa = PBXSourcesBuildPhase;
			buildActionMask = 2147483647;
			files = (
				43E595D328DADEEF00AF5E1B /* CoolBeansUITests.swift in Sources */,
				43E595D528DADEEF00AF5E1B /* CoolBeansUITestsLaunchTests.swift in Sources */,
			);
			runOnlyForDeploymentPostprocessing = 0;
		};
/* End PBXSourcesBuildPhase section */

/* Begin PBXTargetDependency section */
		43E595C628DADEEF00AF5E1B /* PBXTargetDependency */ = {
			isa = PBXTargetDependency;
			target = 43E595B328DADEED00AF5E1B /* CoolBeans */;
			targetProxy = 43E595C528DADEEF00AF5E1B /* PBXContainerItemProxy */;
		};
		43E595D028DADEEF00AF5E1B /* PBXTargetDependency */ = {
			isa = PBXTargetDependency;
			target = 43E595B328DADEED00AF5E1B /* CoolBeans */;
			targetProxy = 43E595CF28DADEEF00AF5E1B /* PBXContainerItemProxy */;
		};
/* End PBXTargetDependency section */

/* Begin XCBuildConfiguration section */
		43E595D628DADEEF00AF5E1B /* Debug */ = {
			isa = XCBuildConfiguration;
			buildSettings = {
				ALWAYS_SEARCH_USER_PATHS = NO;
				CLANG_ANALYZER_NONNULL = YES;
				CLANG_ANALYZER_NUMBER_OBJECT_CONVERSION = YES_AGGRESSIVE;
				CLANG_CXX_LANGUAGE_STANDARD = "gnu++20";
				CLANG_ENABLE_MODULES = YES;
				CLANG_ENABLE_OBJC_ARC = YES;
				CLANG_ENABLE_OBJC_WEAK = YES;
				CLANG_WARN_BLOCK_CAPTURE_AUTORELEASING = YES;
				CLANG_WARN_BOOL_CONVERSION = YES;
				CLANG_WARN_COMMA = YES;
				CLANG_WARN_CONSTANT_CONVERSION = YES;
				CLANG_WARN_DEPRECATED_OBJC_IMPLEMENTATIONS = YES;
				CLANG_WARN_DIRECT_OBJC_ISA_USAGE = YES_ERROR;
				CLANG_WARN_DOCUMENTATION_COMMENTS = YES;
				CLANG_WARN_EMPTY_BODY = YES;
				CLANG_WARN_ENUM_CONVERSION = YES;
				CLANG_WARN_INFINITE_RECURSION = YES;
				CLANG_WARN_INT_CONVERSION = YES;
				CLANG_WARN_NON_LITERAL_NULL_CONVERSION = YES;
				CLANG_WARN_OBJC_IMPLICIT_RETAIN_SELF = YES;
				CLANG_WARN_OBJC_LITERAL_CONVERSION = YES;
				CLANG_WARN_OBJC_ROOT_CLASS = YES_ERROR;
				CLANG_WARN_QUOTED_INCLUDE_IN_FRAMEWORK_HEADER = YES;
				CLANG_WARN_RANGE_LOOP_ANALYSIS = YES;
				CLANG_WARN_STRICT_PROTOTYPES = YES;
				CLANG_WARN_SUSPICIOUS_MOVE = YES;
				CLANG_WARN_UNGUARDED_AVAILABILITY = YES_AGGRESSIVE;
				CLANG_WARN_UNREACHABLE_CODE = YES;
				CLANG_WARN__DUPLICATE_METHOD_MATCH = YES;
				COPY_PHASE_STRIP = NO;
				DEBUG_INFORMATION_FORMAT = dwarf;
				ENABLE_STRICT_OBJC_MSGSEND = YES;
				ENABLE_TESTABILITY = YES;
				GCC_C_LANGUAGE_STANDARD = gnu11;
				GCC_DYNAMIC_NO_PIC = NO;
				GCC_NO_COMMON_BLOCKS = YES;
				GCC_OPTIMIZATION_LEVEL = 0;
				GCC_PREPROCESSOR_DEFINITIONS = (
					"DEBUG=1",
					"$(inherited)",
				);
				GCC_WARN_64_TO_32_BIT_CONVERSION = YES;
				GCC_WARN_ABOUT_RETURN_TYPE = YES_ERROR;
				GCC_WARN_UNDECLARED_SELECTOR = YES;
				GCC_WARN_UNINITIALIZED_AUTOS = YES_AGGRESSIVE;
				GCC_WARN_UNUSED_FUNCTION = YES;
				GCC_WARN_UNUSED_VARIABLE = YES;
				IPHONEOS_DEPLOYMENT_TARGET = 16.0;
				MTL_ENABLE_DEBUG_INFO = INCLUDE_SOURCE;
				MTL_FAST_MATH = YES;
				ONLY_ACTIVE_ARCH = YES;
				SDKROOT = iphoneos;
				SWIFT_ACTIVE_COMPILATION_CONDITIONS = DEBUG;
				SWIFT_OPTIMIZATION_LEVEL = "-Onone";
			};
			name = Debug;
		};
		43E595D728DADEEF00AF5E1B /* Release */ = {
			isa = XCBuildConfiguration;
			buildSettings = {
				ALWAYS_SEARCH_USER_PATHS = NO;
				CLANG_ANALYZER_NONNULL = YES;
				CLANG_ANALYZER_NUMBER_OBJECT_CONVERSION = YES_AGGRESSIVE;
				CLANG_CXX_LANGUAGE_STANDARD = "gnu++20";
				CLANG_ENABLE_MODULES = YES;
				CLANG_ENABLE_OBJC_ARC = YES;
				CLANG_ENABLE_OBJC_WEAK = YES;
				CLANG_WARN_BLOCK_CAPTURE_AUTORELEASING = YES;
				CLANG_WARN_BOOL_CONVERSION = YES;
				CLANG_WARN_COMMA = YES;
				CLANG_WARN_CONSTANT_CONVERSION = YES;
				CLANG_WARN_DEPRECATED_OBJC_IMPLEMENTATIONS = YES;
				CLANG_WARN_DIRECT_OBJC_ISA_USAGE = YES_ERROR;
				CLANG_WARN_DOCUMENTATION_COMMENTS = YES;
				CLANG_WARN_EMPTY_BODY = YES;
				CLANG_WARN_ENUM_CONVERSION = YES;
				CLANG_WARN_INFINITE_RECURSION = YES;
				CLANG_WARN_INT_CONVERSION = YES;
				CLANG_WARN_NON_LITERAL_NULL_CONVERSION = YES;
				CLANG_WARN_OBJC_IMPLICIT_RETAIN_SELF = YES;
				CLANG_WARN_OBJC_LITERAL_CONVERSION = YES;
				CLANG_WARN_OBJC_ROOT_CLASS = YES_ERROR;
				CLANG_WARN_QUOTED_INCLUDE_IN_FRAMEWORK_HEADER = YES;
				CLANG_WARN_RANGE_LOOP_ANALYSIS = YES;
				CLANG_WARN_STRICT_PROTOTYPES = YES;
				CLANG_WARN_SUSPICIOUS_MOVE = YES;
				CLANG_WARN_UNGUARDED_AVAILABILITY = YES_AGGRESSIVE;
				CLANG_WARN_UNREACHABLE_CODE = YES;
				CLANG_WARN__DUPLICATE_METHOD_MATCH = YES;
				COPY_PHASE_STRIP = NO;
				DEBUG_INFORMATION_FORMAT = "dwarf-with-dsym";
				ENABLE_NS_ASSERTIONS = NO;
				ENABLE_STRICT_OBJC_MSGSEND = YES;
				GCC_C_LANGUAGE_STANDARD = gnu11;
				GCC_NO_COMMON_BLOCKS = YES;
				GCC_WARN_64_TO_32_BIT_CONVERSION = YES;
				GCC_WARN_ABOUT_RETURN_TYPE = YES_ERROR;
				GCC_WARN_UNDECLARED_SELECTOR = YES;
				GCC_WARN_UNINITIALIZED_AUTOS = YES_AGGRESSIVE;
				GCC_WARN_UNUSED_FUNCTION = YES;
				GCC_WARN_UNUSED_VARIABLE = YES;
				IPHONEOS_DEPLOYMENT_TARGET = 16.0;
				MTL_ENABLE_DEBUG_INFO = NO;
				MTL_FAST_MATH = YES;
				SDKROOT = iphoneos;
				SWIFT_COMPILATION_MODE = wholemodule;
				SWIFT_OPTIMIZATION_LEVEL = "-O";
				VALIDATE_PRODUCT = YES;
			};
			name = Release;
		};
		43E595D928DADEEF00AF5E1B /* Debug */ = {
			isa = XCBuildConfiguration;
			buildSettings = {
				ASSETCATALOG_COMPILER_APPICON_NAME = AppIcon;
				ASSETCATALOG_COMPILER_GLOBAL_ACCENT_COLOR_NAME = AccentColor;
				CODE_SIGN_STYLE = Automatic;
				CURRENT_PROJECT_VERSION = 1;
				DEVELOPMENT_ASSET_PATHS = "\"CoolBeans/Preview Content\"";
				ENABLE_PREVIEWS = YES;
				GENERATE_INFOPLIST_FILE = YES;
				INFOPLIST_KEY_UIApplicationSceneManifest_Generation = YES;
				INFOPLIST_KEY_UIApplicationSupportsIndirectInputEvents = YES;
				INFOPLIST_KEY_UILaunchScreen_Generation = YES;
				INFOPLIST_KEY_UISupportedInterfaceOrientations_iPad = "UIInterfaceOrientationPortrait UIInterfaceOrientationPortraitUpsideDown UIInterfaceOrientationLandscapeLeft UIInterfaceOrientationLandscapeRight";
				INFOPLIST_KEY_UISupportedInterfaceOrientations_iPhone = "UIInterfaceOrientationPortrait UIInterfaceOrientationLandscapeLeft UIInterfaceOrientationLandscapeRight";
				LD_RUNPATH_SEARCH_PATHS = (
					"$(inherited)",
					"@executable_path/Frameworks",
				);
				MARKETING_VERSION = 1.0;
				PRODUCT_BUNDLE_IDENTIFIER = in.co.dipak.CoolBeans;
				PRODUCT_NAME = "$(TARGET_NAME)";
				SWIFT_EMIT_LOC_STRINGS = YES;
				SWIFT_VERSION = 5.0;
				TARGETED_DEVICE_FAMILY = "1,2";
			};
			name = Debug;
		};
		43E595DA28DADEEF00AF5E1B /* Release */ = {
			isa = XCBuildConfiguration;
			buildSettings = {
				ASSETCATALOG_COMPILER_APPICON_NAME = AppIcon;
				ASSETCATALOG_COMPILER_GLOBAL_ACCENT_COLOR_NAME = AccentColor;
				CODE_SIGN_STYLE = Automatic;
				CURRENT_PROJECT_VERSION = 1;
				DEVELOPMENT_ASSET_PATHS = "\"CoolBeans/Preview Content\"";
				ENABLE_PREVIEWS = YES;
				GENERATE_INFOPLIST_FILE = YES;
				INFOPLIST_KEY_UIApplicationSceneManifest_Generation = YES;
				INFOPLIST_KEY_UIApplicationSupportsIndirectInputEvents = YES;
				INFOPLIST_KEY_UILaunchScreen_Generation = YES;
				INFOPLIST_KEY_UISupportedInterfaceOrientations_iPad = "UIInterfaceOrientationPortrait UIInterfaceOrientationPortraitUpsideDown UIInterfaceOrientationLandscapeLeft UIInterfaceOrientationLandscapeRight";
				INFOPLIST_KEY_UISupportedInterfaceOrientations_iPhone = "UIInterfaceOrientationPortrait UIInterfaceOrientationLandscapeLeft UIInterfaceOrientationLandscapeRight";
				LD_RUNPATH_SEARCH_PATHS = (
					"$(inherited)",
					"@executable_path/Frameworks",
				);
				MARKETING_VERSION = 1.0;
				PRODUCT_BUNDLE_IDENTIFIER = in.co.dipak.CoolBeans;
				PRODUCT_NAME = "$(TARGET_NAME)";
				SWIFT_EMIT_LOC_STRINGS = YES;
				SWIFT_VERSION = 5.0;
				TARGETED_DEVICE_FAMILY = "1,2";
			};
			name = Release;
		};
		43E595DC28DADEEF00AF5E1B /* Debug */ = {
			isa = XCBuildConfiguration;
			buildSettings = {
				ALWAYS_EMBED_SWIFT_STANDARD_LIBRARIES = YES;
				BUNDLE_LOADER = "$(TEST_HOST)";
				CODE_SIGN_STYLE = Automatic;
				CURRENT_PROJECT_VERSION = 1;
				GENERATE_INFOPLIST_FILE = YES;
				IPHONEOS_DEPLOYMENT_TARGET = 16.0;
				MARKETING_VERSION = 1.0;
				PRODUCT_BUNDLE_IDENTIFIER = in.co.dipak.CoolBeansTests;
				PRODUCT_NAME = "$(TARGET_NAME)";
				SWIFT_EMIT_LOC_STRINGS = NO;
				SWIFT_VERSION = 5.0;
				TARGETED_DEVICE_FAMILY = "1,2";
				TEST_HOST = "$(BUILT_PRODUCTS_DIR)/CoolBeans.app/$(BUNDLE_EXECUTABLE_FOLDER_PATH)/CoolBeans";
			};
			name = Debug;
		};
		43E595DD28DADEEF00AF5E1B /* Release */ = {
			isa = XCBuildConfiguration;
			buildSettings = {
				ALWAYS_EMBED_SWIFT_STANDARD_LIBRARIES = YES;
				BUNDLE_LOADER = "$(TEST_HOST)";
				CODE_SIGN_STYLE = Automatic;
				CURRENT_PROJECT_VERSION = 1;
				GENERATE_INFOPLIST_FILE = YES;
				IPHONEOS_DEPLOYMENT_TARGET = 16.0;
				MARKETING_VERSION = 1.0;
				PRODUCT_BUNDLE_IDENTIFIER = in.co.dipak.CoolBeansTests;
				PRODUCT_NAME = "$(TARGET_NAME)";
				SWIFT_EMIT_LOC_STRINGS = NO;
				SWIFT_VERSION = 5.0;
				TARGETED_DEVICE_FAMILY = "1,2";
				TEST_HOST = "$(BUILT_PRODUCTS_DIR)/CoolBeans.app/$(BUNDLE_EXECUTABLE_FOLDER_PATH)/CoolBeans";
			};
			name = Release;
		};
		43E595DF28DADEEF00AF5E1B /* Debug */ = {
			isa = XCBuildConfiguration;
			buildSettings = {
				ALWAYS_EMBED_SWIFT_STANDARD_LIBRARIES = YES;
				CODE_SIGN_STYLE = Automatic;
				CURRENT_PROJECT_VERSION = 1;
				GENERATE_INFOPLIST_FILE = YES;
				MARKETING_VERSION = 1.0;
				PRODUCT_BUNDLE_IDENTIFIER = in.co.dipak.CoolBeansUITests;
				PRODUCT_NAME = "$(TARGET_NAME)";
				SWIFT_EMIT_LOC_STRINGS = NO;
				SWIFT_VERSION = 5.0;
				TARGETED_DEVICE_FAMILY = "1,2";
				TEST_TARGET_NAME = CoolBeans;
			};
			name = Debug;
		};
		43E595E028DADEEF00AF5E1B /* Release */ = {
			isa = XCBuildConfiguration;
			buildSettings = {
				ALWAYS_EMBED_SWIFT_STANDARD_LIBRARIES = YES;
				CODE_SIGN_STYLE = Automatic;
				CURRENT_PROJECT_VERSION = 1;
				GENERATE_INFOPLIST_FILE = YES;
				MARKETING_VERSION = 1.0;
				PRODUCT_BUNDLE_IDENTIFIER = in.co.dipak.CoolBeansUITests;
				PRODUCT_NAME = "$(TARGET_NAME)";
				SWIFT_EMIT_LOC_STRINGS = NO;
				SWIFT_VERSION = 5.0;
				TARGETED_DEVICE_FAMILY = "1,2";
				TEST_TARGET_NAME = CoolBeans;
			};
			name = Release;
		};
/* End XCBuildConfiguration section */

/* Begin XCConfigurationList section */
		43E595AF28DADEED00AF5E1B /* Build configuration list for PBXProject "CoolBeans" */ = {
			isa = XCConfigurationList;
			buildConfigurations = (
				43E595D628DADEEF00AF5E1B /* Debug */,
				43E595D728DADEEF00AF5E1B /* Release */,
			);
			defaultConfigurationIsVisible = 0;
			defaultConfigurationName = Release;
		};
		43E595D828DADEEF00AF5E1B /* Build configuration list for PBXNativeTarget "CoolBeans" */ = {
			isa = XCConfigurationList;
			buildConfigurations = (
				43E595D928DADEEF00AF5E1B /* Debug */,
				43E595DA28DADEEF00AF5E1B /* Release */,
			);
			defaultConfigurationIsVisible = 0;
			defaultConfigurationName = Release;
		};
		43E595DB28DADEEF00AF5E1B /* Build configuration list for PBXNativeTarget "CoolBeansTests" */ = {
			isa = XCConfigurationList;
			buildConfigurations = (
				43E595DC28DADEEF00AF5E1B /* Debug */,
				43E595DD28DADEEF00AF5E1B /* Release */,
			);
			defaultConfigurationIsVisible = 0;
			defaultConfigurationName = Release;
		};
		43E595DE28DADEEF00AF5E1B /* Build configuration list for PBXNativeTarget "CoolBeansUITests" */ = {
			isa = XCConfigurationList;
			buildConfigurations = (
				43E595DF28DADEEF00AF5E1B /* Debug */,
				43E595E028DADEEF00AF5E1B /* Release */,
			);
			defaultConfigurationIsVisible = 0;
			defaultConfigurationName = Release;
		};
/* End XCConfigurationList section */
	};
	rootObject = 43E595AC28DADEED00AF5E1B /* Project object */;
}
